
Microsoft Visual Studio Solution File, Format Version 12.00
# Visual Studio Version 17
VisualStudioVersion = 17.1.32210.238
MinimumVisualStudioVersion = 10.0.40219.1
Project("{2150E333-8FDC-42A3-9474-1A3956D46DE8}") = "src", "src", "{D32B8362-DCE2-4E55-95A5-08EEE5AA57F4}"
EndProject
Project("{9A19103F-16F7-4668-BE54-9A1E7A4F7556}") = "carrainbow.service", "src\carrainbow.service\carrainbow.service.csproj", "{A171651F-5269-4916-B631-E6DA35E493C5}"
EndProject
Global
	GlobalSection(SolutionConfigurationPlatforms) = preSolution
		Debug|Any CPU = Debug|Any CPU
		Release|Any CPU = Release|Any CPU
	EndGlobalSection
	GlobalSection(ProjectConfigurationPlatforms) = postSolution
		{A171651F-5269-4916-B631-E6DA35E493C5}.Debug|Any CPU.ActiveCfg = Debug|Any CPU
		{A171651F-5269-4916-B631-E6DA35E493C5}.Debug|Any CPU.Build.0 = Debug|Any CPU
		{A171651F-5269-4916-B631-E6DA35E493C5}.Release|Any CPU.ActiveCfg = Release|Any CPU
		{A171651F-5269-4916-B631-E6DA35E493C5}.Release|Any CPU.Build.0 = Release|Any CPU
	EndGlobalSection
	GlobalSection(SolutionProperties) = preSolution
		HideSolutionNode = FALSE
	EndGlobalSection
	GlobalSection(NestedProjects) = preSolution
		{A171651F-5269-4916-B631-E6DA35E493C5} = {D32B8362-DCE2-4E55-95A5-08EEE5AA57F4}
	EndGlobalSection
	GlobalSection(ExtensibilityGlobals) = postSolution
		SolutionGuid = {77FA391A-1EB7-48FD-88F6-934AEA366343}
	EndGlobalSection
EndGlobal
